
Microsoft Visual Studio Solution File, Format Version 12.00
# Visual Studio Version 16
VisualStudioVersion = 16.0.30611.23
MinimumVisualStudioVersion = 10.0.40219.1
Project("{FAE04EC0-301F-11D3-BF4B-00C04F79EFBC}") = "ToDoListTutorial", "ToDoListTutorial\ToDoListTutorial.csproj", "{4F8C86F0-169D-4CA1-9BF3-9FA86FBC216E}"
EndProject
Global
	GlobalSection(SolutionConfigurationPlatforms) = preSolution
		Debug|Any CPU = Debug|Any CPU
		Release|Any CPU = Release|Any CPU
	EndGlobalSection
	GlobalSection(ProjectConfigurationPlatforms) = postSolution
		{4F8C86F0-169D-4CA1-9BF3-9FA86FBC216E}.Debug|Any CPU.ActiveCfg = Debug|Any CPU
		{4F8C86F0-169D-4CA1-9BF3-9FA86FBC216E}.Debug|Any CPU.Build.0 = Debug|Any CPU
		{4F8C86F0-169D-4CA1-9BF3-9FA86FBC216E}.Release|Any CPU.ActiveCfg = Release|Any CPU
		{4F8C86F0-169D-4CA1-9BF3-9FA86FBC216E}.Release|Any CPU.Build.0 = Release|Any CPU
	EndGlobalSection
	GlobalSection(SolutionProperties) = preSolution
		HideSolutionNode = FALSE
	EndGlobalSection
	GlobalSection(ExtensibilityGlobals) = postSolution
		SolutionGuid = {7EDEE95F-DA42-422B-94CA-377B3A1C7E9E}
	EndGlobalSection
EndGlobal
